
Microsoft Visual Studio Solution File, Format Version 12.00
# Visual Studio Version 17
VisualStudioVersion = 17.0.31710.8
MinimumVisualStudioVersion = 10.0.40219.1
Project("{FAE04EC0-301F-11D3-BF4B-00C04F79EFBC}") = "LiveDashboard.Server", "LiveDashboard\Server\LiveDashboard.Server.csproj", "{D434BC73-DF14-40F8-9B62-47D95FBEF4FA}"
EndProject
Project("{FAE04EC0-301F-11D3-BF4B-00C04F79EFBC}") = "LiveDashboard.Client", "LiveDashboard\Client\LiveDashboard.Client.csproj", "{DA89A904-148A-4CF7-B6A3-0B0DA415F6A4}"
EndProject
Project("{FAE04EC0-301F-11D3-BF4B-00C04F79EFBC}") = "LiveDashboard.Shared", "LiveDashboard\Shared\LiveDashboard.Shared.csproj", "{E8CF4D9C-113F-49AA-9DA7-AB166C1A3B33}"
EndProject
Global
	GlobalSection(SolutionConfigurationPlatforms) = preSolution
		Debug|Any CPU = Debug|Any CPU
		Release|Any CPU = Release|Any CPU
	EndGlobalSection
	GlobalSection(ProjectConfigurationPlatforms) = postSolution
		{D434BC73-DF14-40F8-9B62-47D95FBEF4FA}.Debug|Any CPU.ActiveCfg = Debug|Any CPU
		{D434BC73-DF14-40F8-9B62-47D95FBEF4FA}.Debug|Any CPU.Build.0 = Debug|Any CPU
		{D434BC73-DF14-40F8-9B62-47D95FBEF4FA}.Release|Any CPU.ActiveCfg = Release|Any CPU
		{D434BC73-DF14-40F8-9B62-47D95FBEF4FA}.Release|Any CPU.Build.0 = Release|Any CPU
		{DA89A904-148A-4CF7-B6A3-0B0DA415F6A4}.Debug|Any CPU.ActiveCfg = Debug|Any CPU
		{DA89A904-148A-4CF7-B6A3-0B0DA415F6A4}.Debug|Any CPU.Build.0 = Debug|Any CPU
		{DA89A904-148A-4CF7-B6A3-0B0DA415F6A4}.Release|Any CPU.ActiveCfg = Release|Any CPU
		{DA89A904-148A-4CF7-B6A3-0B0DA415F6A4}.Release|Any CPU.Build.0 = Release|Any CPU
		{E8CF4D9C-113F-49AA-9DA7-AB166C1A3B33}.Debug|Any CPU.ActiveCfg = Debug|Any CPU
		{E8CF4D9C-113F-49AA-9DA7-AB166C1A3B33}.Debug|Any CPU.Build.0 = Debug|Any CPU
		{E8CF4D9C-113F-49AA-9DA7-AB166C1A3B33}.Release|Any CPU.ActiveCfg = Release|Any CPU
		{E8CF4D9C-113F-49AA-9DA7-AB166C1A3B33}.Release|Any CPU.Build.0 = Release|Any CPU
	EndGlobalSection
	GlobalSection(SolutionProperties) = preSolution
		HideSolutionNode = FALSE
	EndGlobalSection
	GlobalSection(ExtensibilityGlobals) = postSolution
		SolutionGuid = {08E95075-EA33-45D2-87D7-2B872263DC78}
	EndGlobalSection
EndGlobal
